// !$*UTF8*$!
{
	archiveVersion = 1;
	classes = {
	};
	objectVersion = 50;
	objects = {

/* Begin PBXBuildFile section */
		F33DB56222C856E2006E7406 /* ResultViewController.swift in Sources */ = {isa = PBXBuildFile; fileRef = F33DB56122C856E2006E7406 /* ResultViewController.swift */; };
		F37F7DD522C7B75A00A225EA /* AppDelegate.swift in Sources */ = {isa = PBXBuildFile; fileRef = F37F7DD422C7B75A00A225EA /* AppDelegate.swift */; };
		F37F7DD722C7B75A00A225EA /* ViewController.swift in Sources */ = {isa = PBXBuildFile; fileRef = F37F7DD622C7B75A00A225EA /* ViewController.swift */; };
		F37F7DDA22C7B75A00A225EA /* Main.storyboard in Resources */ = {isa = PBXBuildFile; fileRef = F37F7DD822C7B75A00A225EA /* Main.storyboard */; };
		F37F7DDC22C7B75E00A225EA /* Assets.xcassets in Resources */ = {isa = PBXBuildFile; fileRef = F37F7DDB22C7B75E00A225EA /* Assets.xcassets */; };
		F37F7DDF22C7B75E00A225EA /* LaunchScreen.storyboard in Resources */ = {isa = PBXBuildFile; fileRef = F37F7DDD22C7B75E00A225EA /* LaunchScreen.storyboard */; };
		F37F7DE722C7B79600A225EA /* pet_cat_hakai.png in Resources */ = {isa = PBXBuildFile; fileRef = F37F7DE622C7B79500A225EA /* pet_cat_hakai.png */; };
		F37F7DE922C7B7A600A225EA /* pet_cat_omoi_sleep_man.png in Resources */ = {isa = PBXBuildFile; fileRef = F37F7DE822C7B7A600A225EA /* pet_cat_omoi_sleep_man.png */; };
		F37F7DEB22C7B7B400A225EA /* pet_cat_thirsty.png in Resources */ = {isa = PBXBuildFile; fileRef = F37F7DEA22C7B7B400A225EA /* pet_cat_thirsty.png */; };
/* End PBXBuildFile section */

/* Begin PBXFileReference section */
		F33DB56122C856E2006E7406 /* ResultViewController.swift */ = {isa = PBXFileReference; lastKnownFileType = sourcecode.swift; path = ResultViewController.swift; sourceTree = "<group>"; };
		F37F7DD122C7B75A00A225EA /* SlideShowApp.app */ = {isa = PBXFileReference; explicitFileType = wrapper.application; includeInIndex = 0; path = SlideShowApp.app; sourceTree = BUILT_PRODUCTS_DIR; };
		F37F7DD422C7B75A00A225EA /* AppDelegate.swift */ = {isa = PBXFileReference; lastKnownFileType = sourcecode.swift; path = AppDelegate.swift; sourceTree = "<group>"; };
		F37F7DD622C7B75A00A225EA /* ViewController.swift */ = {isa = PBXFileReference; lastKnownFileType = sourcecode.swift; path = ViewController.swift; sourceTree = "<group>"; };
		F37F7DD922C7B75A00A225EA /* Base */ = {isa = PBXFileReference; lastKnownFileType = file.storyboard; name = Base; path = Base.lproj/Main.storyboard; sourceTree = "<group>"; };
		F37F7DDB22C7B75E00A225EA /* Assets.xcassets */ = {isa = PBXFileReference; lastKnownFileType = folder.assetcatalog; path = Assets.xcassets; sourceTree = "<group>"; };
		F37F7DDE22C7B75E00A225EA /* Base */ = {isa = PBXFileReference; lastKnownFileType = file.storyboard; name = Base; path = Base.lproj/LaunchScreen.storyboard; sourceTree = "<group>"; };
		F37F7DE022C7B75E00A225EA /* Info.plist */ = {isa = PBXFileReference; lastKnownFileType = text.plist.xml; path = Info.plist; sourceTree = "<group>"; };
		F37F7DE622C7B79500A225EA /* pet_cat_hakai.png */ = {isa = PBXFileReference; lastKnownFileType = image.png; path = pet_cat_hakai.png; sourceTree = "<group>"; };
		F37F7DE822C7B7A600A225EA /* pet_cat_omoi_sleep_man.png */ = {isa = PBXFileReference; lastKnownFileType = image.png; path = pet_cat_omoi_sleep_man.png; sourceTree = "<group>"; };
		F37F7DEA22C7B7B400A225EA /* pet_cat_thirsty.png */ = {isa = PBXFileReference; lastKnownFileType = image.png; path = pet_cat_thirsty.png; sourceTree = "<group>"; };
/* End PBXFileReference section */

/* Begin PBXFrameworksBuildPhase section */
		F37F7DCE22C7B75A00A225EA /* Frameworks */ = {
			isa = PBXFrameworksBuildPhase;
			buildActionMask = 2147483647;
			files = (
			);
			runOnlyForDeploymentPostprocessing = 0;
		};
/* End PBXFrameworksBuildPhase section */

/* Begin PBXGroup section */
		F37F7DC822C7B75A00A225EA = {
			isa = PBXGroup;
			children = (
				F37F7DD322C7B75A00A225EA /* SlideShowApp */,
				F37F7DD222C7B75A00A225EA /* Products */,
			);
			sourceTree = "<group>";
		};
		F37F7DD222C7B75A00A225EA /* Products */ = {
			isa = PBXGroup;
			children = (
				F37F7DD122C7B75A00A225EA /* SlideShowApp.app */,
			);
			name = Products;
			sourceTree = "<group>";
		};
		F37F7DD322C7B75A00A225EA /* SlideShowApp */ = {
			isa = PBXGroup;
			children = (
				F37F7DD422C7B75A00A225EA /* AppDelegate.swift */,
				F37F7DD622C7B75A00A225EA /* ViewController.swift */,
				F33DB56122C856E2006E7406 /* ResultViewController.swift */,
				F37F7DD822C7B75A00A225EA /* Main.storyboard */,
				F37F7DE622C7B79500A225EA /* pet_cat_hakai.png */,
				F37F7DE822C7B7A600A225EA /* pet_cat_omoi_sleep_man.png */,
				F37F7DEA22C7B7B400A225EA /* pet_cat_thirsty.png */,
				F37F7DDB22C7B75E00A225EA /* Assets.xcassets */,
				F37F7DDD22C7B75E00A225EA /* LaunchScreen.storyboard */,
				F37F7DE022C7B75E00A225EA /* Info.plist */,
			);
			path = SlideShowApp;
			sourceTree = "<group>";
		};
/* End PBXGroup section */

/* Begin PBXNativeTarget section */
		F37F7DD022C7B75A00A225EA /* SlideShowApp */ = {
			isa = PBXNativeTarget;
			buildConfigurationList = F37F7DE322C7B75E00A225EA /* Build configuration list for PBXNativeTarget "SlideShowApp" */;
			buildPhases = (
				F37F7DCD22C7B75A00A225EA /* Sources */,
				F37F7DCE22C7B75A00A225EA /* Frameworks */,
				F37F7DCF22C7B75A00A225EA /* Resources */,
			);
			buildRules = (
			);
			dependencies = (
			);
			name = SlideShowApp;
			productName = SlideShowApp;
			productReference = F37F7DD122C7B75A00A225EA /* SlideShowApp.app */;
			productType = "com.apple.product-type.application";
		};
/* End PBXNativeTarget section */

/* Begin PBXProject section */
		F37F7DC922C7B75A00A225EA /* Project object */ = {
			isa = PBXProject;
			attributes = {
				LastSwiftUpdateCheck = 1020;
				LastUpgradeCheck = 1020;
				ORGANIZATIONNAME = "両川昇";
				TargetAttributes = {
					F37F7DD022C7B75A00A225EA = {
						CreatedOnToolsVersion = 10.2.1;
					};
				};
			};
			buildConfigurationList = F37F7DCC22C7B75A00A225EA /* Build configuration list for PBXProject "SlideShowApp" */;
			compatibilityVersion = "Xcode 9.3";
			developmentRegion = en;
			hasScannedForEncodings = 0;
			knownRegions = (
				en,
				Base,
			);
			mainGroup = F37F7DC822C7B75A00A225EA;
			productRefGroup = F37F7DD222C7B75A00A225EA /* Products */;
			projectDirPath = "";
			projectRoot = "";
			targets = (
				F37F7DD022C7B75A00A225EA /* SlideShowApp */,
			);
		};
/* End PBXProject section */

/* Begin PBXResourcesBuildPhase section */
		F37F7DCF22C7B75A00A225EA /* Resources */ = {
			isa = PBXResourcesBuildPhase;
			buildActionMask = 2147483647;
			files = (
				F37F7DDF22C7B75E00A225EA /* LaunchScreen.storyboard in Resources */,
				F37F7DE922C7B7A600A225EA /* pet_cat_omoi_sleep_man.png in Resources */,
				F37F7DE722C7B79600A225EA /* pet_cat_hakai.png in Resources */,
				F37F7DDC22C7B75E00A225EA /* Assets.xcassets in Resources */,
				F37F7DEB22C7B7B400A225EA /* pet_cat_thirsty.png in Resources */,
				F37F7DDA22C7B75A00A225EA /* Main.storyboard in Resources */,
			);
			runOnlyForDeploymentPostprocessing = 0;
		};
/* End PBXResourcesBuildPhase section */

/* Begin PBXSourcesBuildPhase section */
		F37F7DCD22C7B75A00A225EA /* Sources */ = {
			isa = PBXSourcesBuildPhase;
			buildActionMask = 2147483647;
			files = (
				F37F7DD722C7B75A00A225EA /* ViewController.swift in Sources */,
				F37F7DD522C7B75A00A225EA /* AppDelegate.swift in Sources */,
				F33DB56222C856E2006E7406 /* ResultViewController.swift in Sources */,
			);
			runOnlyForDeploymentPostprocessing = 0;
		};
/* End PBXSourcesBuildPhase section */

/* Begin PBXVariantGroup section */
		F37F7DD822C7B75A00A225EA /* Main.storyboard */ = {
			isa = PBXVariantGroup;
			children = (
				F37F7DD922C7B75A00A225EA /* Base */,
			);
			name = Main.storyboard;
			sourceTree = "<group>";
		};
		F37F7DDD22C7B75E00A225EA /* LaunchScreen.storyboard */ = {
			isa = PBXVariantGroup;
			children = (
				F37F7DDE22C7B75E00A225EA /* Base */,
			);
			name = LaunchScreen.storyboard;
			sourceTree = "<group>";
		};
/* End PBXVariantGroup section */

/* Begin XCBuildConfiguration section */
		F37F7DE122C7B75E00A225EA /* Debug */ = {
			isa = XCBuildConfiguration;
			buildSettings = {
				ALWAYS_SEARCH_USER_PATHS = NO;
				CLANG_ANALYZER_NONNULL = YES;
				CLANG_ANALYZER_NUMBER_OBJECT_CONVERSION = YES_AGGRESSIVE;
				CLANG_CXX_LANGUAGE_STANDARD = "gnu++14";
				CLANG_CXX_LIBRARY = "libc++";
				CLANG_ENABLE_MODULES = YES;
				CLANG_ENABLE_OBJC_ARC = YES;
				CLANG_ENABLE_OBJC_WEAK = YES;
				CLANG_WARN_BLOCK_CAPTURE_AUTORELEASING = YES;
				CLANG_WARN_BOOL_CONVERSION = YES;
				CLANG_WARN_COMMA = YES;
				CLANG_WARN_CONSTANT_CONVERSION = YES;
				CLANG_WARN_DEPRECATED_OBJC_IMPLEMENTATIONS = YES;
				CLANG_WARN_DIRECT_OBJC_ISA_USAGE = YES_ERROR;
				CLANG_WARN_DOCUMENTATION_COMMENTS = YES;
				CLANG_WARN_EMPTY_BODY = YES;
				CLANG_WARN_ENUM_CONVERSION = YES;
				CLANG_WARN_INFINITE_RECURSION = YES;
				CLANG_WARN_INT_CONVERSION = YES;
				CLANG_WARN_NON_LITERAL_NULL_CONVERSION = YES;
				CLANG_WARN_OBJC_IMPLICIT_RETAIN_SELF = YES;
				CLANG_WARN_OBJC_LITERAL_CONVERSION = YES;
				CLANG_WARN_OBJC_ROOT_CLASS = YES_ERROR;
				CLANG_WARN_RANGE_LOOP_ANALYSIS = YES;
				CLANG_WARN_STRICT_PROTOTYPES = YES;
				CLANG_WARN_SUSPICIOUS_MOVE = YES;
				CLANG_WARN_UNGUARDED_AVAILABILITY = YES_AGGRESSIVE;
				CLANG_WARN_UNREACHABLE_CODE = YES;
				CLANG_WARN__DUPLICATE_METHOD_MATCH = YES;
				CODE_SIGN_IDENTITY = "iPhone Developer";
				COPY_PHASE_STRIP = NO;
				DEBUG_INFORMATION_FORMAT = dwarf;
				ENABLE_STRICT_OBJC_MSGSEND = YES;
				ENABLE_TESTABILITY = YES;
				GCC_C_LANGUAGE_STANDARD = gnu11;
				GCC_DYNAMIC_NO_PIC = NO;
				GCC_NO_COMMON_BLOCKS = YES;
				GCC_OPTIMIZATION_LEVEL = 0;
				GCC_PREPROCESSOR_DEFINITIONS = (
					"DEBUG=1",
					"$(inherited)",
				);
				GCC_WARN_64_TO_32_BIT_CONVERSION = YES;
				GCC_WARN_ABOUT_RETURN_TYPE = YES_ERROR;
				GCC_WARN_UNDECLARED_SELECTOR = YES;
				GCC_WARN_UNINITIALIZED_AUTOS = YES_AGGRESSIVE;
				GCC_WARN_UNUSED_FUNCTION = YES;
				GCC_WARN_UNUSED_VARIABLE = YES;
				IPHONEOS_DEPLOYMENT_TARGET = 12.2;
				MTL_ENABLE_DEBUG_INFO = INCLUDE_SOURCE;
				MTL_FAST_MATH = YES;
				ONLY_ACTIVE_ARCH = YES;
				SDKROOT = iphoneos;
				SWIFT_ACTIVE_COMPILATION_CONDITIONS = DEBUG;
				SWIFT_OPTIMIZATION_LEVEL = "-Onone";
			};
			name = Debug;
		};
		F37F7DE222C7B75E00A225EA /* Release */ = {
			isa = XCBuildConfiguration;
			buildSettings = {
				ALWAYS_SEARCH_USER_PATHS = NO;
				CLANG_ANALYZER_NONNULL = YES;
				CLANG_ANALYZER_NUMBER_OBJECT_CONVERSION = YES_AGGRESSIVE;
				CLANG_CXX_LANGUAGE_STANDARD = "gnu++14";
				CLANG_CXX_LIBRARY = "libc++";
				CLANG_ENABLE_MODULES = YES;
				CLANG_ENABLE_OBJC_ARC = YES;
				CLANG_ENABLE_OBJC_WEAK = YES;
				CLANG_WARN_BLOCK_CAPTURE_AUTORELEASING = YES;
				CLANG_WARN_BOOL_CONVERSION = YES;
				CLANG_WARN_COMMA = YES;
				CLANG_WARN_CONSTANT_CONVERSION = YES;
				CLANG_WARN_DEPRECATED_OBJC_IMPLEMENTATIONS = YES;
				CLANG_WARN_DIRECT_OBJC_ISA_USAGE = YES_ERROR;
				CLANG_WARN_DOCUMENTATION_COMMENTS = YES;
				CLANG_WARN_EMPTY_BODY = YES;
				CLANG_WARN_ENUM_CONVERSION = YES;
				CLANG_WARN_INFINITE_RECURSION = YES;
				CLANG_WARN_INT_CONVERSION = YES;
				CLANG_WARN_NON_LITERAL_NULL_CONVERSION = YES;
				CLANG_WARN_OBJC_IMPLICIT_RETAIN_SELF = YES;
				CLANG_WARN_OBJC_LITERAL_CONVERSION = YES;
				CLANG_WARN_OBJC_ROOT_CLASS = YES_ERROR;
				CLANG_WARN_RANGE_LOOP_ANALYSIS = YES;
				CLANG_WARN_STRICT_PROTOTYPES = YES;
				CLANG_WARN_SUSPICIOUS_MOVE = YES;
				CLANG_WARN_UNGUARDED_AVAILABILITY = YES_AGGRESSIVE;
				CLANG_WARN_UNREACHABLE_CODE = YES;
				CLANG_WARN__DUPLICATE_METHOD_MATCH = YES;
				CODE_SIGN_IDENTITY = "iPhone Developer";
				COPY_PHASE_STRIP = NO;
				DEBUG_INFORMATION_FORMAT = "dwarf-with-dsym";
				ENABLE_NS_ASSERTIONS = NO;
				ENABLE_STRICT_OBJC_MSGSEND = YES;
				GCC_C_LANGUAGE_STANDARD = gnu11;
				GCC_NO_COMMON_BLOCKS = YES;
				GCC_WARN_64_TO_32_BIT_CONVERSION = YES;
				GCC_WARN_ABOUT_RETURN_TYPE = YES_ERROR;
				GCC_WARN_UNDECLARED_SELECTOR = YES;
				GCC_WARN_UNINITIALIZED_AUTOS = YES_AGGRESSIVE;
				GCC_WARN_UNUSED_FUNCTION = YES;
				GCC_WARN_UNUSED_VARIABLE = YES;
				IPHONEOS_DEPLOYMENT_TARGET = 12.2;
				MTL_ENABLE_DEBUG_INFO = NO;
				MTL_FAST_MATH = YES;
				SDKROOT = iphoneos;
				SWIFT_COMPILATION_MODE = wholemodule;
				SWIFT_OPTIMIZATION_LEVEL = "-O";
				VALIDATE_PRODUCT = YES;
			};
			name = Release;
		};
		F37F7DE422C7B75E00A225EA /* Debug */ = {
			isa = XCBuildConfiguration;
			buildSettings = {
				ASSETCATALOG_COMPILER_APPICON_NAME = AppIcon;
				CODE_SIGN_STYLE = Automatic;
				DEVELOPMENT_TEAM = L54T5Q269D;
				INFOPLIST_FILE = SlideShowApp/Info.plist;
				LD_RUNPATH_SEARCH_PATHS = (
					"$(inherited)",
					"@executable_path/Frameworks",
				);
				PRODUCT_BUNDLE_IDENTIFIER = com.gmail.e2411.tempter.s.SlideShowApp;
				PRODUCT_NAME = "$(TARGET_NAME)";
				SWIFT_VERSION = 5.0;
				TARGETED_DEVICE_FAMILY = "1,2";
			};
			name = Debug;
		};
		F37F7DE522C7B75E00A225EA /* Release */ = {
			isa = XCBuildConfiguration;
			buildSettings = {
				ASSETCATALOG_COMPILER_APPICON_NAME = AppIcon;
				CODE_SIGN_STYLE = Automatic;
				DEVELOPMENT_TEAM = L54T5Q269D;
				INFOPLIST_FILE = SlideShowApp/Info.plist;
				LD_RUNPATH_SEARCH_PATHS = (
					"$(inherited)",
					"@executable_path/Frameworks",
				);
				PRODUCT_BUNDLE_IDENTIFIER = com.gmail.e2411.tempter.s.SlideShowApp;
				PRODUCT_NAME = "$(TARGET_NAME)";
				SWIFT_VERSION = 5.0;
				TARGETED_DEVICE_FAMILY = "1,2";
			};
			name = Release;
		};
/* End XCBuildConfiguration section */

/* Begin XCConfigurationList section */
		F37F7DCC22C7B75A00A225EA /* Build configuration list for PBXProject "SlideShowApp" */ = {
			isa = XCConfigurationList;
			buildConfigurations = (
				F37F7DE122C7B75E00A225EA /* Debug */,
				F37F7DE222C7B75E00A225EA /* Release */,
			);
			defaultConfigurationIsVisible = 0;
			defaultConfigurationName = Release;
		};
		F37F7DE322C7B75E00A225EA /* Build configuration list for PBXNativeTarget "SlideShowApp" */ = {
			isa = XCConfigurationList;
			buildConfigurations = (
				F37F7DE422C7B75E00A225EA /* Debug */,
				F37F7DE522C7B75E00A225EA /* Release */,
			);
			defaultConfigurationIsVisible = 0;
			defaultConfigurationName = Release;
		};
/* End XCConfigurationList section */
	};
	rootObject = F37F7DC922C7B75A00A225EA /* Project object */;
}
